<?xml version="1.0" encoding="utf-8"?>
<Project ToolsVersion="15.0" xmlns="http://schemas.microsoft.com/developer/msbuild/2003">
  <ItemGroup>
    <ClCompile Include="D:\GitRepo\Projects\GalaxyWars\proj.win32\main.cpp">
      <Filter>Source Files\proj.win32</Filter>
    </ClCompile>
    <ClCompile Include="..\Classes\GalaxyWars\Actor\Actor.cpp">
      <Filter>Source Files\Sources\Actor</Filter>
    </ClCompile>
    <ClCompile Include="..\Classes\GalaxyWars\Actor\AttackActor.cpp">
      <Filter>Source Files\Sources\Actor</Filter>
    </ClCompile>
    <ClCompile Include="..\Classes\GalaxyWars\Actor\CircleActor.cpp">
      <Filter>Source Files\Sources\Actor</Filter>
    </ClCompile>
    <ClCompile Include="..\Classes\GalaxyWars\Enemies\Enemy.cpp">
      <Filter>Source Files\Sources\Enemies</Filter>
    </ClCompile>
    <ClCompile Include="..\Classes\GalaxyWars\Enemies\Sniper.cpp">
      <Filter>Source Files\Sources\Enemies</Filter>
    </ClCompile>
    <ClCompile Include="..\Classes\GalaxyWars\Weapon\Firearms.cpp">
      <Filter>Source Files\Sources\Weapon</Filter>
    </ClCompile>
    <ClCompile Include="..\Classes\GalaxyWars\Weapon\Projectile.cpp">
      <Filter>Source Files\Sources\Weapon</Filter>
    </ClCompile>
    <ClCompile Include="..\Classes\GalaxyWars\Weapon\Weapon.cpp">
      <Filter>Source Files\Sources\Weapon</Filter>
    </ClCompile>
    <ClCompile Include="D:\GitRepo\Projects\GalaxyWars\Classes\AppDelegate.cpp">
      <Filter>Source Files\Sources\Core</Filter>
    </ClCompile>
    <ClCompile Include="..\Classes\GalaxyWars\Character.cpp">
      <Filter>Source Files\Sources\Core</Filter>
    </ClCompile>
    <ClCompile Include="..\Classes\GalaxyWars\GameManager.cpp">
      <Filter>Source Files\Sources\Core</Filter>
    </ClCompile>
    <ClCompile Include="..\Classes\GameField.cpp">
      <Filter>Source Files\Sources\Scenes</Filter>
    </ClCompile>
    <ClCompile Include="..\Classes\MainMenu.cpp">
      <Filter>Source Files\Sources\Scenes</Filter>
    </ClCompile>
    <ClCompile Include="..\Classes\PauseMenu.cpp">
      <Filter>Source Files\Sources\Scenes</Filter>
    </ClCompile>
    <ClCompile Include="..\Classes\GameOver.cpp">
      <Filter>Source Files\Sources\Scenes</Filter>
    </ClCompile>
  </ItemGroup>
  <ItemGroup>
    <ClInclude Include="D:\GitRepo\Projects\GalaxyWars\proj.win32\main.h">
      <Filter>Source Files\proj.win32</Filter>
    </ClInclude>
    <ClInclude Include="D:\GitRepo\Projects\GalaxyWars\proj.win32\resource.h">
      <Filter>Source Files\proj.win32</Filter>
    </ClInclude>
    <ClInclude Include="D:\GitRepo\Projects\GalaxyWars\Resources\CloseNormal.png">
      <Filter>Resources</Filter>
    </ClInclude>
    <ClInclude Include="D:\GitRepo\Projects\GalaxyWars\Resources\CloseSelected.png">
      <Filter>Resources</Filter>
    </ClInclude>
    <ClInclude Include="D:\GitRepo\Projects\GalaxyWars\Resources\HelloWorld.png">
      <Filter>Resources</Filter>
    </ClInclude>
    <ClInclude Include="D:\GitRepo\Projects\GalaxyWars\Resources\fonts\Marker Felt.ttf">
      <Filter>Resources\fonts</Filter>
    </ClInclude>
    <ClInclude Include="D:\GitRepo\Projects\GalaxyWars\Resources\fonts\arial.ttf">
      <Filter>Resources\fonts</Filter>
    </ClInclude>
    <ClInclude Include="D:\GitRepo\Projects\GalaxyWars\Resources\res\.gitkeep">
      <Filter>Resources\res</Filter>
    </ClInclude>
    <ClInclude Include="..\Classes\GalaxyWars\Actor\Actor.h">
      <Filter>Source Files\Headers\Actor</Filter>
    </ClInclude>
    <ClInclude Include="..\Classes\GalaxyWars\Actor\AttackActor.h">
      <Filter>Source Files\Headers\Actor</Filter>
    </ClInclude>
    <ClInclude Include="..\Classes\GalaxyWars\Actor\CircleActor.h">
      <Filter>Source Files\Headers\Actor</Filter>
    </ClInclude>
    <ClInclude Include="..\Classes\GalaxyWars\Enemies\Enemy.h">
      <Filter>Source Files\Headers\Enemies</Filter>
    </ClInclude>
    <ClInclude Include="..\Classes\GalaxyWars\Enemies\Sniper.h">
      <Filter>Source Files\Headers\Enemies</Filter>
    </ClInclude>
    <ClInclude Include="..\Classes\GalaxyWars\Weapon\Firearms.h">
      <Filter>Source Files\Headers\Weapon</Filter>
    </ClInclude>
    <ClInclude Include="..\Classes\GalaxyWars\Weapon\Projectile.h">
      <Filter>Source Files\Headers\Weapon</Filter>
    </ClInclude>
    <ClInclude Include="..\Classes\GalaxyWars\Weapon\Weapon.h">
      <Filter>Source Files\Headers\Weapon</Filter>
    </ClInclude>
    <ClInclude Include="D:\GitRepo\Projects\GalaxyWars\Classes\AppDelegate.h">
      <Filter>Source Files\Headers\Core</Filter>
    </ClInclude>
    <ClInclude Include="..\Classes\GalaxyWars\Character.h">
      <Filter>Source Files\Headers\Core</Filter>
    </ClInclude>
    <ClInclude Include="..\Classes\GalaxyWars\GameManager.h">
      <Filter>Source Files\Headers\Core</Filter>
    </ClInclude>
    <ClInclude Include="..\Classes\GameField.h">
      <Filter>Source Files\Headers\Scenes</Filter>
    </ClInclude>
    <ClInclude Include="..\Classes\MainMenu.h">
      <Filter>Source Files\Headers\Scenes</Filter>
    </ClInclude>
    <ClInclude Include="..\Classes\PauseMenu.h">
      <Filter>Source Files\Headers\Scenes</Filter>
    </ClInclude>
    <ClInclude Include="..\Classes\GameOver.h">
      <Filter>Source Files\Headers\Scenes</Filter>
    </ClInclude>
  </ItemGroup>
  <ItemGroup>
    <CustomBuild Include="D:\GitRepo\Projects\GalaxyWars\CMakeLists.txt" />
  </ItemGroup>
  <ItemGroup>
    <ResourceCompile Include="D:\GitRepo\Projects\GalaxyWars\proj.win32\game.rc">
      <Filter>Source Files\proj.win32</Filter>
    </ResourceCompile>
  </ItemGroup>
  <ItemGroup>
    <Filter Include="Resources">
      <UniqueIdentifier>{2A1980CA-B81B-33BD-9CA0-4B2223DB6481}</UniqueIdentifier>
    </Filter>
    <Filter Include="Resources\fonts">
      <UniqueIdentifier>{822DDA60-3BA0-3632-BA23-A23836940BA7}</UniqueIdentifier>
    </Filter>
    <Filter Include="Resources\res">
      <UniqueIdentifier>{458998B8-DBCF-3EF7-B710-BD8D3302FF63}</UniqueIdentifier>
    </Filter>
    <Filter Include="Source Files">
      <UniqueIdentifier>{9AEFF1F4-D2EB-3CDB-A075-E69D53C50071}</UniqueIdentifier>
    </Filter>
    <Filter Include="Source Files\proj.win32">
      <UniqueIdentifier>{6E5F5F37-ECF5-3479-B88A-99D4A957DFDC}</UniqueIdentifier>
    </Filter>
    <Filter Include="Source Files\Sources">
      <UniqueIdentifier>{233dc896-e973-41ca-a2f0-35df1f04c5b3}</UniqueIdentifier>
    </Filter>
    <Filter Include="Source Files\Headers">
      <UniqueIdentifier>{EA293561-F334-39F4-8AAA-6E01AC0FC5DC}</UniqueIdentifier>
    </Filter>
    <Filter Include="Source Files\Headers\Actor">
      <UniqueIdentifier>{6f8c0719-2f3c-422e-8fec-2381ad5d246e}</UniqueIdentifier>
    </Filter>
    <Filter Include="Source Files\Headers\Enemies">
      <UniqueIdentifier>{7a85a6dc-5287-439c-b364-fc38744492a0}</UniqueIdentifier>
    </Filter>
    <Filter Include="Source Files\Headers\Weapon">
      <UniqueIdentifier>{c3a68ba7-4293-460d-b11c-7820973d9555}</UniqueIdentifier>
    </Filter>
    <Filter Include="Source Files\Sources\Actor">
      <UniqueIdentifier>{e98e8822-f7fa-4f9f-a344-85afb3bab65e}</UniqueIdentifier>
    </Filter>
    <Filter Include="Source Files\Sources\Enemies">
      <UniqueIdentifier>{95383a0b-88bc-4a51-ab0d-fb164e1d5fce}</UniqueIdentifier>
    </Filter>
    <Filter Include="Source Files\Sources\Weapon">
      <UniqueIdentifier>{e891f87e-c2d7-4f59-86d1-a290f29e27ee}</UniqueIdentifier>
    </Filter>
    <Filter Include="Source Files\Headers\Scenes">
      <UniqueIdentifier>{76aa5bd9-6b56-4d4c-b2c4-b111caa79617}</UniqueIdentifier>
    </Filter>
    <Filter Include="Source Files\Sources\Scenes">
      <UniqueIdentifier>{678f521a-b4d5-441b-8a9f-edd4268ad222}</UniqueIdentifier>
    </Filter>
    <Filter Include="Source Files\Sources\Core">
      <UniqueIdentifier>{efec48d6-074c-42b7-a207-5399a68d01b2}</UniqueIdentifier>
    </Filter>
    <Filter Include="Source Files\Headers\Core">
      <UniqueIdentifier>{cf1d0ead-8918-42ba-a67c-e29dc5059b2c}</UniqueIdentifier>
    </Filter>
  </ItemGroup>
</Project>